// !$*UTF8*$!
{
	archiveVersion = 1;
	classes = {
	};
	objectVersion = 55;
	objects = {

/* Begin PBXBuildFile section */
		5B092F2F28899D4A00D938B9 /* OstaxApp.swift in Sources */ = {isa = PBXBuildFile; fileRef = 5B092F2E28899D4A00D938B9 /* OstaxApp.swift */; };
		5B092F3328899D4C00D938B9 /* Assets.xcassets in Resources */ = {isa = PBXBuildFile; fileRef = 5B092F3228899D4C00D938B9 /* Assets.xcassets */; };
		5B092F3628899D4C00D938B9 /* Preview Assets.xcassets in Resources */ = {isa = PBXBuildFile; fileRef = 5B092F3528899D4C00D938B9 /* Preview Assets.xcassets */; };
		5B092F4528899E3000D938B9 /* ShoppingListsView.swift in Sources */ = {isa = PBXBuildFile; fileRef = 5B092F4428899E3000D938B9 /* ShoppingListsView.swift */; };
		5B092F4A28899E4300D938B9 /* SocketIOConnection.swift in Sources */ = {isa = PBXBuildFile; fileRef = 5B092F4728899E4300D938B9 /* SocketIOConnection.swift */; };
		5B092F4B28899E4300D938B9 /* ShoppingListView.swift in Sources */ = {isa = PBXBuildFile; fileRef = 5B092F4828899E4300D938B9 /* ShoppingListView.swift */; };
		5B092F4E28899E8F00D938B9 /* SocketIO in Frameworks */ = {isa = PBXBuildFile; productRef = 5B092F4D28899E8F00D938B9 /* SocketIO */; };
		5B092F50288A6DC200D938B9 /* LoginView.swift in Sources */ = {isa = PBXBuildFile; fileRef = 5B092F4F288A6DC200D938B9 /* LoginView.swift */; };
		5B092F76288A82E200D938B9 /* ShoppingList.swift in Sources */ = {isa = PBXBuildFile; fileRef = 5B092F75288A82E200D938B9 /* ShoppingList.swift */; };
		5B092F78288A830100D938B9 /* AppEvent.swift in Sources */ = {isa = PBXBuildFile; fileRef = 5B092F77288A830100D938B9 /* AppEvent.swift */; };
		5B092F7A288A8BC100D938B9 /* ShoppingListsModel.swift in Sources */ = {isa = PBXBuildFile; fileRef = 5B092F79288A8BC100D938B9 /* ShoppingListsModel.swift */; };
		5B092F7C288A9FCF00D938B9 /* LoginModel.swift in Sources */ = {isa = PBXBuildFile; fileRef = 5B092F7B288A9FCF00D938B9 /* LoginModel.swift */; };
		5B092F7E288AA05100D938B9 /* AuthRequest.swift in Sources */ = {isa = PBXBuildFile; fileRef = 5B092F7D288AA05100D938B9 /* AuthRequest.swift */; };
		5B092F80288AA05A00D938B9 /* AuthResponse.swift in Sources */ = {isa = PBXBuildFile; fileRef = 5B092F7F288AA05A00D938B9 /* AuthResponse.swift */; };
/* End PBXBuildFile section */

/* Begin PBXFileReference section */
		5B092F2B28899D4A00D938B9 /* Ostax.app */ = {isa = PBXFileReference; explicitFileType = wrapper.application; includeInIndex = 0; path = Ostax.app; sourceTree = BUILT_PRODUCTS_DIR; };
		5B092F2E28899D4A00D938B9 /* OstaxApp.swift */ = {isa = PBXFileReference; lastKnownFileType = sourcecode.swift; path = OstaxApp.swift; sourceTree = "<group>"; };
		5B092F3228899D4C00D938B9 /* Assets.xcassets */ = {isa = PBXFileReference; lastKnownFileType = folder.assetcatalog; path = Assets.xcassets; sourceTree = "<group>"; };
		5B092F3528899D4C00D938B9 /* Preview Assets.xcassets */ = {isa = PBXFileReference; lastKnownFileType = folder.assetcatalog; path = "Preview Assets.xcassets"; sourceTree = "<group>"; };
		5B092F4428899E3000D938B9 /* ShoppingListsView.swift */ = {isa = PBXFileReference; fileEncoding = 4; lastKnownFileType = sourcecode.swift; name = ShoppingListsView.swift; path = Ostax/Views/ShoppingListsView.swift; sourceTree = SOURCE_ROOT; };
		5B092F4728899E4300D938B9 /* SocketIOConnection.swift */ = {isa = PBXFileReference; fileEncoding = 4; lastKnownFileType = sourcecode.swift; path = SocketIOConnection.swift; sourceTree = "<group>"; };
		5B092F4828899E4300D938B9 /* ShoppingListView.swift */ = {isa = PBXFileReference; fileEncoding = 4; lastKnownFileType = sourcecode.swift; path = ShoppingListView.swift; sourceTree = "<group>"; };
		5B092F4F288A6DC200D938B9 /* LoginView.swift */ = {isa = PBXFileReference; lastKnownFileType = sourcecode.swift; path = LoginView.swift; sourceTree = "<group>"; };
		5B092F75288A82E200D938B9 /* ShoppingList.swift */ = {isa = PBXFileReference; lastKnownFileType = sourcecode.swift; path = ShoppingList.swift; sourceTree = "<group>"; };
		5B092F77288A830100D938B9 /* AppEvent.swift */ = {isa = PBXFileReference; lastKnownFileType = sourcecode.swift; path = AppEvent.swift; sourceTree = "<group>"; };
		5B092F79288A8BC100D938B9 /* ShoppingListsModel.swift */ = {isa = PBXFileReference; lastKnownFileType = sourcecode.swift; path = ShoppingListsModel.swift; sourceTree = "<group>"; };
		5B092F7B288A9FCF00D938B9 /* LoginModel.swift */ = {isa = PBXFileReference; lastKnownFileType = sourcecode.swift; path = LoginModel.swift; sourceTree = "<group>"; };
		5B092F7D288AA05100D938B9 /* AuthRequest.swift */ = {isa = PBXFileReference; lastKnownFileType = sourcecode.swift; path = AuthRequest.swift; sourceTree = "<group>"; };
		5B092F7F288AA05A00D938B9 /* AuthResponse.swift */ = {isa = PBXFileReference; lastKnownFileType = sourcecode.swift; path = AuthResponse.swift; sourceTree = "<group>"; };
/* End PBXFileReference section */

/* Begin PBXFrameworksBuildPhase section */
		5B092F2828899D4A00D938B9 /* Frameworks */ = {
			isa = PBXFrameworksBuildPhase;
			buildActionMask = 2147483647;
			files = (
				5B092F4E28899E8F00D938B9 /* SocketIO in Frameworks */,
			);
			runOnlyForDeploymentPostprocessing = 0;
		};
/* End PBXFrameworksBuildPhase section */

/* Begin PBXGroup section */
		5B092F2228899D4A00D938B9 = {
			isa = PBXGroup;
			children = (
				5B092F2D28899D4A00D938B9 /* Ostax */,
				5B092F2C28899D4A00D938B9 /* Products */,
			);
			sourceTree = "<group>";
		};
		5B092F2C28899D4A00D938B9 /* Products */ = {
			isa = PBXGroup;
			children = (
				5B092F2B28899D4A00D938B9 /* Ostax.app */,
			);
			name = Products;
			sourceTree = "<group>";
		};
		5B092F2D28899D4A00D938B9 /* Ostax */ = {
			isa = PBXGroup;
			children = (
				5B092F74288A82CE00D938B9 /* Models */,
				5B092F73288A828D00D938B9 /* Views */,
				5B092F2E28899D4A00D938B9 /* OstaxApp.swift */,
				5B092F3228899D4C00D938B9 /* Assets.xcassets */,
				5B092F4728899E4300D938B9 /* SocketIOConnection.swift */,
				5B092F3428899D4C00D938B9 /* Preview Content */,
			);
			path = Ostax;
			sourceTree = "<group>";
		};
		5B092F3428899D4C00D938B9 /* Preview Content */ = {
			isa = PBXGroup;
			children = (
				5B092F3528899D4C00D938B9 /* Preview Assets.xcassets */,
			);
			path = "Preview Content";
			sourceTree = "<group>";
		};
		5B092F73288A828D00D938B9 /* Views */ = {
			isa = PBXGroup;
			children = (
				5B092F4428899E3000D938B9 /* ShoppingListsView.swift */,
				5B092F4828899E4300D938B9 /* ShoppingListView.swift */,
				5B092F4F288A6DC200D938B9 /* LoginView.swift */,
			);
			path = Views;
			sourceTree = "<group>";
		};
		5B092F74288A82CE00D938B9 /* Models */ = {
			isa = PBXGroup;
			children = (
				5B092F75288A82E200D938B9 /* ShoppingList.swift */,
				5B092F77288A830100D938B9 /* AppEvent.swift */,
				5B092F79288A8BC100D938B9 /* ShoppingListsModel.swift */,
				5B092F7B288A9FCF00D938B9 /* LoginModel.swift */,
				5B092F7D288AA05100D938B9 /* AuthRequest.swift */,
				5B092F7F288AA05A00D938B9 /* AuthResponse.swift */,
			);
			path = Models;
			sourceTree = "<group>";
		};
/* End PBXGroup section */

/* Begin PBXNativeTarget section */
		5B092F2A28899D4A00D938B9 /* Ostax */ = {
			isa = PBXNativeTarget;
			buildConfigurationList = 5B092F3928899D4C00D938B9 /* Build configuration list for PBXNativeTarget "Ostax" */;
			buildPhases = (
				5B092F2728899D4A00D938B9 /* Sources */,
				5B092F2828899D4A00D938B9 /* Frameworks */,
				5B092F2928899D4A00D938B9 /* Resources */,
			);
			buildRules = (
			);
			dependencies = (
			);
			name = Ostax;
			packageProductDependencies = (
				5B092F4D28899E8F00D938B9 /* SocketIO */,
			);
			productName = Ostax;
			productReference = 5B092F2B28899D4A00D938B9 /* Ostax.app */;
			productType = "com.apple.product-type.application";
		};
/* End PBXNativeTarget section */

/* Begin PBXProject section */
		5B092F2328899D4A00D938B9 /* Project object */ = {
			isa = PBXProject;
			attributes = {
				BuildIndependentTargetsInParallel = 1;
				LastSwiftUpdateCheck = 1340;
				LastUpgradeCheck = 1340;
				TargetAttributes = {
					5B092F2A28899D4A00D938B9 = {
						CreatedOnToolsVersion = 13.4.1;
					};
				};
			};
			buildConfigurationList = 5B092F2628899D4A00D938B9 /* Build configuration list for PBXProject "Ostax" */;
			compatibilityVersion = "Xcode 13.0";
			developmentRegion = en;
			hasScannedForEncodings = 0;
			knownRegions = (
				en,
				Base,
			);
			mainGroup = 5B092F2228899D4A00D938B9;
			packageReferences = (
				5B092F4C28899E8F00D938B9 /* XCRemoteSwiftPackageReference "socket" */,
			);
			productRefGroup = 5B092F2C28899D4A00D938B9 /* Products */;
			projectDirPath = "";
			projectRoot = "";
			targets = (
				5B092F2A28899D4A00D938B9 /* Ostax */,
			);
		};
/* End PBXProject section */

/* Begin PBXResourcesBuildPhase section */
		5B092F2928899D4A00D938B9 /* Resources */ = {
			isa = PBXResourcesBuildPhase;
			buildActionMask = 2147483647;
			files = (
				5B092F3628899D4C00D938B9 /* Preview Assets.xcassets in Resources */,
				5B092F3328899D4C00D938B9 /* Assets.xcassets in Resources */,
			);
			runOnlyForDeploymentPostprocessing = 0;
		};
/* End PBXResourcesBuildPhase section */

/* Begin PBXSourcesBuildPhase section */
		5B092F2728899D4A00D938B9 /* Sources */ = {
			isa = PBXSourcesBuildPhase;
			buildActionMask = 2147483647;
			files = (
				5B092F78288A830100D938B9 /* AppEvent.swift in Sources */,
				5B092F50288A6DC200D938B9 /* LoginView.swift in Sources */,
				5B092F76288A82E200D938B9 /* ShoppingList.swift in Sources */,
				5B092F7A288A8BC100D938B9 /* ShoppingListsModel.swift in Sources */,
				5B092F7C288A9FCF00D938B9 /* LoginModel.swift in Sources */,
				5B092F4B28899E4300D938B9 /* ShoppingListView.swift in Sources */,
				5B092F4A28899E4300D938B9 /* SocketIOConnection.swift in Sources */,
				5B092F4528899E3000D938B9 /* ShoppingListsView.swift in Sources */,
				5B092F80288AA05A00D938B9 /* AuthResponse.swift in Sources */,
				5B092F2F28899D4A00D938B9 /* OstaxApp.swift in Sources */,
				5B092F7E288AA05100D938B9 /* AuthRequest.swift in Sources */,
			);
			runOnlyForDeploymentPostprocessing = 0;
		};
/* End PBXSourcesBuildPhase section */

/* Begin XCBuildConfiguration section */
		5B092F3728899D4C00D938B9 /* Debug */ = {
			isa = XCBuildConfiguration;
			buildSettings = {
				ALWAYS_SEARCH_USER_PATHS = NO;
				CLANG_ANALYZER_NONNULL = YES;
				CLANG_ANALYZER_NUMBER_OBJECT_CONVERSION = YES_AGGRESSIVE;
				CLANG_CXX_LANGUAGE_STANDARD = "gnu++17";
				CLANG_ENABLE_MODULES = YES;
				CLANG_ENABLE_OBJC_ARC = YES;
				CLANG_ENABLE_OBJC_WEAK = YES;
				CLANG_WARN_BLOCK_CAPTURE_AUTORELEASING = YES;
				CLANG_WARN_BOOL_CONVERSION = YES;
				CLANG_WARN_COMMA = YES;
				CLANG_WARN_CONSTANT_CONVERSION = YES;
				CLANG_WARN_DEPRECATED_OBJC_IMPLEMENTATIONS = YES;
				CLANG_WARN_DIRECT_OBJC_ISA_USAGE = YES_ERROR;
				CLANG_WARN_DOCUMENTATION_COMMENTS = YES;
				CLANG_WARN_EMPTY_BODY = YES;
				CLANG_WARN_ENUM_CONVERSION = YES;
				CLANG_WARN_INFINITE_RECURSION = YES;
				CLANG_WARN_INT_CONVERSION = YES;
				CLANG_WARN_NON_LITERAL_NULL_CONVERSION = YES;
				CLANG_WARN_OBJC_IMPLICIT_RETAIN_SELF = YES;
				CLANG_WARN_OBJC_LITERAL_CONVERSION = YES;
				CLANG_WARN_OBJC_ROOT_CLASS = YES_ERROR;
				CLANG_WARN_QUOTED_INCLUDE_IN_FRAMEWORK_HEADER = YES;
				CLANG_WARN_RANGE_LOOP_ANALYSIS = YES;
				CLANG_WARN_STRICT_PROTOTYPES = YES;
				CLANG_WARN_SUSPICIOUS_MOVE = YES;
				CLANG_WARN_UNGUARDED_AVAILABILITY = YES_AGGRESSIVE;
				CLANG_WARN_UNREACHABLE_CODE = YES;
				CLANG_WARN__DUPLICATE_METHOD_MATCH = YES;
				COPY_PHASE_STRIP = NO;
				DEBUG_INFORMATION_FORMAT = dwarf;
				ENABLE_STRICT_OBJC_MSGSEND = YES;
				ENABLE_TESTABILITY = YES;
				GCC_C_LANGUAGE_STANDARD = gnu11;
				GCC_DYNAMIC_NO_PIC = NO;
				GCC_NO_COMMON_BLOCKS = YES;
				GCC_OPTIMIZATION_LEVEL = 0;
				GCC_PREPROCESSOR_DEFINITIONS = (
					"DEBUG=1",
					"$(inherited)",
				);
				GCC_WARN_64_TO_32_BIT_CONVERSION = YES;
				GCC_WARN_ABOUT_RETURN_TYPE = YES_ERROR;
				GCC_WARN_UNDECLARED_SELECTOR = YES;
				GCC_WARN_UNINITIALIZED_AUTOS = YES_AGGRESSIVE;
				GCC_WARN_UNUSED_FUNCTION = YES;
				GCC_WARN_UNUSED_VARIABLE = YES;
				IPHONEOS_DEPLOYMENT_TARGET = 15.5;
				MTL_ENABLE_DEBUG_INFO = INCLUDE_SOURCE;
				MTL_FAST_MATH = YES;
				ONLY_ACTIVE_ARCH = YES;
				SDKROOT = iphoneos;
				SWIFT_ACTIVE_COMPILATION_CONDITIONS = DEBUG;
				SWIFT_OPTIMIZATION_LEVEL = "-Onone";
			};
			name = Debug;
		};
		5B092F3828899D4C00D938B9 /* Release */ = {
			isa = XCBuildConfiguration;
			buildSettings = {
				ALWAYS_SEARCH_USER_PATHS = NO;
				CLANG_ANALYZER_NONNULL = YES;
				CLANG_ANALYZER_NUMBER_OBJECT_CONVERSION = YES_AGGRESSIVE;
				CLANG_CXX_LANGUAGE_STANDARD = "gnu++17";
				CLANG_ENABLE_MODULES = YES;
				CLANG_ENABLE_OBJC_ARC = YES;
				CLANG_ENABLE_OBJC_WEAK = YES;
				CLANG_WARN_BLOCK_CAPTURE_AUTORELEASING = YES;
				CLANG_WARN_BOOL_CONVERSION = YES;
				CLANG_WARN_COMMA = YES;
				CLANG_WARN_CONSTANT_CONVERSION = YES;
				CLANG_WARN_DEPRECATED_OBJC_IMPLEMENTATIONS = YES;
				CLANG_WARN_DIRECT_OBJC_ISA_USAGE = YES_ERROR;
				CLANG_WARN_DOCUMENTATION_COMMENTS = YES;
				CLANG_WARN_EMPTY_BODY = YES;
				CLANG_WARN_ENUM_CONVERSION = YES;
				CLANG_WARN_INFINITE_RECURSION = YES;
				CLANG_WARN_INT_CONVERSION = YES;
				CLANG_WARN_NON_LITERAL_NULL_CONVERSION = YES;
				CLANG_WARN_OBJC_IMPLICIT_RETAIN_SELF = YES;
				CLANG_WARN_OBJC_LITERAL_CONVERSION = YES;
				CLANG_WARN_OBJC_ROOT_CLASS = YES_ERROR;
				CLANG_WARN_QUOTED_INCLUDE_IN_FRAMEWORK_HEADER = YES;
				CLANG_WARN_RANGE_LOOP_ANALYSIS = YES;
				CLANG_WARN_STRICT_PROTOTYPES = YES;
				CLANG_WARN_SUSPICIOUS_MOVE = YES;
				CLANG_WARN_UNGUARDED_AVAILABILITY = YES_AGGRESSIVE;
				CLANG_WARN_UNREACHABLE_CODE = YES;
				CLANG_WARN__DUPLICATE_METHOD_MATCH = YES;
				COPY_PHASE_STRIP = NO;
				DEBUG_INFORMATION_FORMAT = "dwarf-with-dsym";
				ENABLE_NS_ASSERTIONS = NO;
				ENABLE_STRICT_OBJC_MSGSEND = YES;
				GCC_C_LANGUAGE_STANDARD = gnu11;
				GCC_NO_COMMON_BLOCKS = YES;
				GCC_WARN_64_TO_32_BIT_CONVERSION = YES;
				GCC_WARN_ABOUT_RETURN_TYPE = YES_ERROR;
				GCC_WARN_UNDECLARED_SELECTOR = YES;
				GCC_WARN_UNINITIALIZED_AUTOS = YES_AGGRESSIVE;
				GCC_WARN_UNUSED_FUNCTION = YES;
				GCC_WARN_UNUSED_VARIABLE = YES;
				IPHONEOS_DEPLOYMENT_TARGET = 15.5;
				MTL_ENABLE_DEBUG_INFO = NO;
				MTL_FAST_MATH = YES;
				SDKROOT = iphoneos;
				SWIFT_COMPILATION_MODE = wholemodule;
				SWIFT_OPTIMIZATION_LEVEL = "-O";
				VALIDATE_PRODUCT = YES;
			};
			name = Release;
		};
		5B092F3A28899D4C00D938B9 /* Debug */ = {
			isa = XCBuildConfiguration;
			buildSettings = {
				ASSETCATALOG_COMPILER_APPICON_NAME = AppIcon;
				ASSETCATALOG_COMPILER_GLOBAL_ACCENT_COLOR_NAME = AccentColor;
				CODE_SIGN_STYLE = Automatic;
				CURRENT_PROJECT_VERSION = 1;
				DEVELOPMENT_ASSET_PATHS = "\"Ostax/Preview Content\"";
				DEVELOPMENT_TEAM = 2LNDNEZHHG;
				ENABLE_PREVIEWS = YES;
				GENERATE_INFOPLIST_FILE = YES;
				INFOPLIST_KEY_UIApplicationSceneManifest_Generation = YES;
				INFOPLIST_KEY_UIApplicationSupportsIndirectInputEvents = YES;
				INFOPLIST_KEY_UILaunchScreen_Generation = YES;
				INFOPLIST_KEY_UISupportedInterfaceOrientations_iPad = "UIInterfaceOrientationPortrait UIInterfaceOrientationPortraitUpsideDown UIInterfaceOrientationLandscapeLeft UIInterfaceOrientationLandscapeRight";
				INFOPLIST_KEY_UISupportedInterfaceOrientations_iPhone = "UIInterfaceOrientationPortrait UIInterfaceOrientationLandscapeLeft UIInterfaceOrientationLandscapeRight";
				LD_RUNPATH_SEARCH_PATHS = (
					"$(inherited)",
					"@executable_path/Frameworks",
				);
				MARKETING_VERSION = 1.0;
				PRODUCT_BUNDLE_IDENTIFIER = com.raimohanska.Ostax;
				PRODUCT_NAME = "$(TARGET_NAME)";
				SWIFT_EMIT_LOC_STRINGS = YES;
				SWIFT_VERSION = 5.0;
				TARGETED_DEVICE_FAMILY = "1,2";
			};
			name = Debug;
		};
		5B092F3B28899D4C00D938B9 /* Release */ = {
			isa = XCBuildConfiguration;
			buildSettings = {
				ASSETCATALOG_COMPILER_APPICON_NAME = AppIcon;
				ASSETCATALOG_COMPILER_GLOBAL_ACCENT_COLOR_NAME = AccentColor;
				CODE_SIGN_STYLE = Automatic;
				CURRENT_PROJECT_VERSION = 1;
				DEVELOPMENT_ASSET_PATHS = "\"Ostax/Preview Content\"";
				DEVELOPMENT_TEAM = 2LNDNEZHHG;
				ENABLE_PREVIEWS = YES;
				GENERATE_INFOPLIST_FILE = YES;
				INFOPLIST_KEY_UIApplicationSceneManifest_Generation = YES;
				INFOPLIST_KEY_UIApplicationSupportsIndirectInputEvents = YES;
				INFOPLIST_KEY_UILaunchScreen_Generation = YES;
				INFOPLIST_KEY_UISupportedInterfaceOrientations_iPad = "UIInterfaceOrientationPortrait UIInterfaceOrientationPortraitUpsideDown UIInterfaceOrientationLandscapeLeft UIInterfaceOrientationLandscapeRight";
				INFOPLIST_KEY_UISupportedInterfaceOrientations_iPhone = "UIInterfaceOrientationPortrait UIInterfaceOrientationLandscapeLeft UIInterfaceOrientationLandscapeRight";
				LD_RUNPATH_SEARCH_PATHS = (
					"$(inherited)",
					"@executable_path/Frameworks",
				);
				MARKETING_VERSION = 1.0;
				PRODUCT_BUNDLE_IDENTIFIER = com.raimohanska.Ostax;
				PRODUCT_NAME = "$(TARGET_NAME)";
				SWIFT_EMIT_LOC_STRINGS = YES;
				SWIFT_VERSION = 5.0;
				TARGETED_DEVICE_FAMILY = "1,2";
			};
			name = Release;
		};
/* End XCBuildConfiguration section */

/* Begin XCConfigurationList section */
		5B092F2628899D4A00D938B9 /* Build configuration list for PBXProject "Ostax" */ = {
			isa = XCConfigurationList;
			buildConfigurations = (
				5B092F3728899D4C00D938B9 /* Debug */,
				5B092F3828899D4C00D938B9 /* Release */,
			);
			defaultConfigurationIsVisible = 0;
			defaultConfigurationName = Release;
		};
		5B092F3928899D4C00D938B9 /* Build configuration list for PBXNativeTarget "Ostax" */ = {
			isa = XCConfigurationList;
			buildConfigurations = (
				5B092F3A28899D4C00D938B9 /* Debug */,
				5B092F3B28899D4C00D938B9 /* Release */,
			);
			defaultConfigurationIsVisible = 0;
			defaultConfigurationName = Release;
		};
/* End XCConfigurationList section */

/* Begin XCRemoteSwiftPackageReference section */
		5B092F4C28899E8F00D938B9 /* XCRemoteSwiftPackageReference "socket" */ = {
			isa = XCRemoteSwiftPackageReference;
			repositoryURL = "https://github.com/socketio/socket.io-client-swift";
			requirement = {
				kind = versionRange;
				maximumVersion = 17.0.0;
				minimumVersion = 16.0.0;
			};
		};
/* End XCRemoteSwiftPackageReference section */

/* Begin XCSwiftPackageProductDependency section */
		5B092F4D28899E8F00D938B9 /* SocketIO */ = {
			isa = XCSwiftPackageProductDependency;
			package = 5B092F4C28899E8F00D938B9 /* XCRemoteSwiftPackageReference "socket" */;
			productName = SocketIO;
		};
/* End XCSwiftPackageProductDependency section */
	};
	rootObject = 5B092F2328899D4A00D938B9 /* Project object */;
}
